
Microsoft Visual Studio Solution File, Format Version 12.00
# Visual Studio Version 17
VisualStudioVersion = 17.0.32014.148
MinimumVisualStudioVersion = 10.0.40219.1
Project("{9A19103F-16F7-4668-BE54-9A1E7A4F7556}") = "TextilesAndCo", "TextilesAndCo.csproj", "{A6C26DEC-3337-4F4D-8B4A-908E09399E40}"
EndProject
Global
	GlobalSection(SolutionConfigurationPlatforms) = preSolution
		Debug|Any CPU = Debug|Any CPU
		Release|Any CPU = Release|Any CPU
	EndGlobalSection
	GlobalSection(ProjectConfigurationPlatforms) = postSolution
		{A6C26DEC-3337-4F4D-8B4A-908E09399E40}.Debug|Any CPU.ActiveCfg = Debug|Any CPU
		{A6C26DEC-3337-4F4D-8B4A-908E09399E40}.Debug|Any CPU.Build.0 = Debug|Any CPU
		{A6C26DEC-3337-4F4D-8B4A-908E09399E40}.Release|Any CPU.ActiveCfg = Release|Any CPU
		{A6C26DEC-3337-4F4D-8B4A-908E09399E40}.Release|Any CPU.Build.0 = Release|Any CPU
	EndGlobalSection
	GlobalSection(SolutionProperties) = preSolution
		HideSolutionNode = FALSE
	EndGlobalSection
	GlobalSection(ExtensibilityGlobals) = postSolution
		SolutionGuid = {FC87CED5-996C-4A9B-BDA4-0BCDE5062314}
	EndGlobalSection
EndGlobal
